
Microsoft Visual Studio Solution File, Format Version 12.00
# Visual Studio Version 17
VisualStudioVersion = 17.1.32414.318
MinimumVisualStudioVersion = 10.0.40219.1
Project("{FAE04EC0-301F-11D3-BF4B-00C04F79EFBC}") = "CQRS", "CQRS\CQRS.csproj", "{BC897EDD-A9E0-415C-BCC0-D13D045EF5EE}"
EndProject
Global
	GlobalSection(SolutionConfigurationPlatforms) = preSolution
		Debug|Any CPU = Debug|Any CPU
		Release|Any CPU = Release|Any CPU
	EndGlobalSection
	GlobalSection(ProjectConfigurationPlatforms) = postSolution
		{BC897EDD-A9E0-415C-BCC0-D13D045EF5EE}.Debug|Any CPU.ActiveCfg = Debug|Any CPU
		{BC897EDD-A9E0-415C-BCC0-D13D045EF5EE}.Debug|Any CPU.Build.0 = Debug|Any CPU
		{BC897EDD-A9E0-415C-BCC0-D13D045EF5EE}.Release|Any CPU.ActiveCfg = Release|Any CPU
		{BC897EDD-A9E0-415C-BCC0-D13D045EF5EE}.Release|Any CPU.Build.0 = Release|Any CPU
	EndGlobalSection
	GlobalSection(SolutionProperties) = preSolution
		HideSolutionNode = FALSE
	EndGlobalSection
	GlobalSection(ExtensibilityGlobals) = postSolution
		SolutionGuid = {8FD0FD41-8EE8-464C-81CC-F264E1E3792C}
	EndGlobalSection
EndGlobal
